
Microsoft Visual Studio Solution File, Format Version 12.00
# Visual Studio 15
VisualStudioVersion = 15.0.28307.106
MinimumVisualStudioVersion = 10.0.40219.1
Project("{F184B08F-C81C-45F6-A57F-5ABD9991F28F}") = "OfficeSetup", "WindowsApp1\OfficeSetup.vbproj", "{6444462A-1743-48ED-A52B-183386E4C31A}"
EndProject
Global
	GlobalSection(SolutionConfigurationPlatforms) = preSolution
		Debug|Any CPU = Debug|Any CPU
		Release|Any CPU = Release|Any CPU
	EndGlobalSection
	GlobalSection(ProjectConfigurationPlatforms) = postSolution
		{6444462A-1743-48ED-A52B-183386E4C31A}.Debug|Any CPU.ActiveCfg = Debug|Any CPU
		{6444462A-1743-48ED-A52B-183386E4C31A}.Debug|Any CPU.Build.0 = Debug|Any CPU
		{6444462A-1743-48ED-A52B-183386E4C31A}.Release|Any CPU.ActiveCfg = Release|Any CPU
		{6444462A-1743-48ED-A52B-183386E4C31A}.Release|Any CPU.Build.0 = Release|Any CPU
	EndGlobalSection
	GlobalSection(SolutionProperties) = preSolution
		HideSolutionNode = FALSE
	EndGlobalSection
	GlobalSection(ExtensibilityGlobals) = postSolution
		SolutionGuid = {6CF14FFB-799C-4119-9B40-384C11CE60D7}
	EndGlobalSection
EndGlobal
